# This file is automatically @generated by Cargo.
# It is not intended for manual editing.
[[package]]
name = "byteorder"
version = "0.3.13"
source = "registry+https://github.com/rust-lang/crates.io-index"
checksum = "29b2aa490a8f546381308d68fc79e6bd753cd3ad839f7a7172897f1feedfa175"

[[package]]
name = "harness"
version = "0.1.0"
dependencies = [
 "negentropy",
]

[[package]]
name = "negentropy"
version = "0.3.1"
dependencies = [
 "byteorder",
]

[[package]]
name = "perf"
version = "0.1.0"
dependencies = [
 "negentropy",
]
