# This file is automatically @generated by Cargo.
# It is not intended for manual editing.
[[package]]
name = "harness"
version = "0.1.0"
dependencies = [
 "hex",
 "negentropy",
]

[[package]]
name = "hex"
version = "0.4.3"
source = "registry+https://github.com/rust-lang/crates.io-index"
checksum = "7f24254aa9a54b5c858eaee2f5bccdb46aaf0e486a595ed5fd8f86ba55232a70"

[[package]]
name = "negentropy"
version = "0.5.0"

[[package]]
name = "perf"
version = "0.1.0"
dependencies = [
 "negentropy",
]
